
Microsoft Visual Studio Solution File, Format Version 11.00
# Visual C# Express 2010
Project("{FAE04EC0-301F-11D3-BF4B-00C04F79EFBC}") = "OldMaidLib", "OldMaidLib\OldMaidLib.csproj", "{81A3ECA0-E361-4823-9058-330852708BAE}"
EndProject
Global
	GlobalSection(SolutionConfigurationPlatforms) = preSolution
		Debug|Any CPU = Debug|Any CPU
		Release|Any CPU = Release|Any CPU
	EndGlobalSection
	GlobalSection(ProjectConfigurationPlatforms) = postSolution
		{81A3ECA0-E361-4823-9058-330852708BAE}.Debug|Any CPU.ActiveCfg = Debug|Any CPU
		{81A3ECA0-E361-4823-9058-330852708BAE}.Debug|Any CPU.Build.0 = Debug|Any CPU
		{81A3ECA0-E361-4823-9058-330852708BAE}.Release|Any CPU.ActiveCfg = Release|Any CPU
		{81A3ECA0-E361-4823-9058-330852708BAE}.Release|Any CPU.Build.0 = Release|Any CPU
	EndGlobalSection
	GlobalSection(SolutionProperties) = preSolution
		HideSolutionNode = FALSE
	EndGlobalSection
EndGlobal
